
Microsoft Visual Studio Solution File, Format Version 12.00
# Visual Studio Version 16
VisualStudioVersion = 16.0.31321.278
MinimumVisualStudioVersion = 10.0.40219.1
Project("{FAE04EC0-301F-11D3-BF4B-00C04F79EFBC}") = "curso.api", "curso.api.csproj", "{104DCEF6-8115-4C38-A40D-6FAF94B2FD49}"
EndProject
Global
	GlobalSection(SolutionConfigurationPlatforms) = preSolution
		Debug|Any CPU = Debug|Any CPU
		Release|Any CPU = Release|Any CPU
	EndGlobalSection
	GlobalSection(ProjectConfigurationPlatforms) = postSolution
		{104DCEF6-8115-4C38-A40D-6FAF94B2FD49}.Debug|Any CPU.ActiveCfg = Debug|Any CPU
		{104DCEF6-8115-4C38-A40D-6FAF94B2FD49}.Debug|Any CPU.Build.0 = Debug|Any CPU
		{104DCEF6-8115-4C38-A40D-6FAF94B2FD49}.Release|Any CPU.ActiveCfg = Release|Any CPU
		{104DCEF6-8115-4C38-A40D-6FAF94B2FD49}.Release|Any CPU.Build.0 = Release|Any CPU
	EndGlobalSection
	GlobalSection(SolutionProperties) = preSolution
		HideSolutionNode = FALSE
	EndGlobalSection
	GlobalSection(ExtensibilityGlobals) = postSolution
		SolutionGuid = {3DF6493F-1664-4E0A-9FA9-FA956208EDD2}
	EndGlobalSection
EndGlobal
